// !$*UTF8*$!
{
	archiveVersion = 1;
	classes = {
	};
	objectVersion = 56;
	objects = {

/* Begin PBXBuildFile section */
		743800052952E08A00EB250A /* AppDelegate.swift in Sources */ = {isa = PBXBuildFile; fileRef = 743800042952E08A00EB250A /* AppDelegate.swift */; };
		743800072952E08A00EB250A /* SceneDelegate.swift in Sources */ = {isa = PBXBuildFile; fileRef = 743800062952E08A00EB250A /* SceneDelegate.swift */; };
		7438000E2952E08C00EB250A /* Assets.xcassets in Resources */ = {isa = PBXBuildFile; fileRef = 7438000D2952E08C00EB250A /* Assets.xcassets */; };
		743800112952E08C00EB250A /* LaunchScreen.storyboard in Resources */ = {isa = PBXBuildFile; fileRef = 7438000F2952E08C00EB250A /* LaunchScreen.storyboard */; };
		7438001C2952E79D00EB250A /* Realm in Frameworks */ = {isa = PBXBuildFile; productRef = 7438001B2952E79D00EB250A /* Realm */; };
		7438001E2952E79D00EB250A /* RealmSwift in Frameworks */ = {isa = PBXBuildFile; productRef = 7438001D2952E79D00EB250A /* RealmSwift */; };
		7438002C29532F6200EB250A /* MainScreenTVC.swift in Sources */ = {isa = PBXBuildFile; fileRef = 7438002B29532F6200EB250A /* MainScreenTVC.swift */; };
		7438002F295333A100EB250A /* DataObjects.swift in Sources */ = {isa = PBXBuildFile; fileRef = 7438002E295333A100EB250A /* DataObjects.swift */; };
		743800312953344900EB250A /* RealmManager.swift in Sources */ = {isa = PBXBuildFile; fileRef = 743800302953344900EB250A /* RealmManager.swift */; };
		7438003529533C5200EB250A /* MainScreenCell.swift in Sources */ = {isa = PBXBuildFile; fileRef = 7438003429533C5200EB250A /* MainScreenCell.swift */; };
		7438003729533FB500EB250A /* Constants.swift in Sources */ = {isa = PBXBuildFile; fileRef = 7438003629533FB500EB250A /* Constants.swift */; };
		743800392953451700EB250A /* NoteScreen.swift in Sources */ = {isa = PBXBuildFile; fileRef = 743800382953451700EB250A /* NoteScreen.swift */; };
		7438003B295349E300EB250A /* NoteScreenVC.swift in Sources */ = {isa = PBXBuildFile; fileRef = 7438003A295349E300EB250A /* NoteScreenVC.swift */; };
		7438003D2954900A00EB250A /* ext NoteScreenManager.swift in Sources */ = {isa = PBXBuildFile; fileRef = 7438003C2954900A00EB250A /* ext NoteScreenManager.swift */; };
		7438003F2954979D00EB250A /* ext TableView.swift in Sources */ = {isa = PBXBuildFile; fileRef = 7438003E2954979D00EB250A /* ext TableView.swift */; };
		74380041295498FE00EB250A /* ext MainScreenManager.swift in Sources */ = {isa = PBXBuildFile; fileRef = 74380040295498FE00EB250A /* ext MainScreenManager.swift */; };
		7455BA7F2954EB970084E6CC /* ext testNote.swift in Sources */ = {isa = PBXBuildFile; fileRef = 7455BA7E2954EB970084E6CC /* ext testNote.swift */; };
		7455BA812954ED8A0084E6CC /* Settings.plist in Resources */ = {isa = PBXBuildFile; fileRef = 7455BA802954ED8A0084E6CC /* Settings.plist */; };
		7455BA832955047B0084E6CC /* ext NotificationCenter.swift in Sources */ = {isa = PBXBuildFile; fileRef = 7455BA822955047B0084E6CC /* ext NotificationCenter.swift */; };
/* End PBXBuildFile section */

/* Begin PBXFileReference section */
		743800012952E08A00EB250A /* Notes.app */ = {isa = PBXFileReference; explicitFileType = wrapper.application; includeInIndex = 0; path = Notes.app; sourceTree = BUILT_PRODUCTS_DIR; };
		743800042952E08A00EB250A /* AppDelegate.swift */ = {isa = PBXFileReference; lastKnownFileType = sourcecode.swift; path = AppDelegate.swift; sourceTree = "<group>"; };
		743800062952E08A00EB250A /* SceneDelegate.swift */ = {isa = PBXFileReference; lastKnownFileType = sourcecode.swift; path = SceneDelegate.swift; sourceTree = "<group>"; };
		7438000D2952E08C00EB250A /* Assets.xcassets */ = {isa = PBXFileReference; lastKnownFileType = folder.assetcatalog; path = Assets.xcassets; sourceTree = "<group>"; };
		743800102952E08C00EB250A /* Base */ = {isa = PBXFileReference; lastKnownFileType = file.storyboard; name = Base; path = Base.lproj/LaunchScreen.storyboard; sourceTree = "<group>"; };
		743800122952E08C00EB250A /* Info.plist */ = {isa = PBXFileReference; lastKnownFileType = text.plist.xml; path = Info.plist; sourceTree = "<group>"; };
		7438002B29532F6200EB250A /* MainScreenTVC.swift */ = {isa = PBXFileReference; lastKnownFileType = sourcecode.swift; path = MainScreenTVC.swift; sourceTree = "<group>"; };
		7438002E295333A100EB250A /* DataObjects.swift */ = {isa = PBXFileReference; lastKnownFileType = sourcecode.swift; path = DataObjects.swift; sourceTree = "<group>"; };
		743800302953344900EB250A /* RealmManager.swift */ = {isa = PBXFileReference; lastKnownFileType = sourcecode.swift; path = RealmManager.swift; sourceTree = "<group>"; };
		7438003429533C5200EB250A /* MainScreenCell.swift */ = {isa = PBXFileReference; lastKnownFileType = sourcecode.swift; path = MainScreenCell.swift; sourceTree = "<group>"; };
		7438003629533FB500EB250A /* Constants.swift */ = {isa = PBXFileReference; lastKnownFileType = sourcecode.swift; path = Constants.swift; sourceTree = "<group>"; };
		743800382953451700EB250A /* NoteScreen.swift */ = {isa = PBXFileReference; lastKnownFileType = sourcecode.swift; path = NoteScreen.swift; sourceTree = "<group>"; };
		7438003A295349E300EB250A /* NoteScreenVC.swift */ = {isa = PBXFileReference; lastKnownFileType = sourcecode.swift; path = NoteScreenVC.swift; sourceTree = "<group>"; };
		7438003C2954900A00EB250A /* ext NoteScreenManager.swift */ = {isa = PBXFileReference; lastKnownFileType = sourcecode.swift; path = "ext NoteScreenManager.swift"; sourceTree = "<group>"; };
		7438003E2954979D00EB250A /* ext TableView.swift */ = {isa = PBXFileReference; lastKnownFileType = sourcecode.swift; path = "ext TableView.swift"; sourceTree = "<group>"; };
		74380040295498FE00EB250A /* ext MainScreenManager.swift */ = {isa = PBXFileReference; lastKnownFileType = sourcecode.swift; path = "ext MainScreenManager.swift"; sourceTree = "<group>"; };
		7455BA7E2954EB970084E6CC /* ext testNote.swift */ = {isa = PBXFileReference; lastKnownFileType = sourcecode.swift; path = "ext testNote.swift"; sourceTree = "<group>"; };
		7455BA802954ED8A0084E6CC /* Settings.plist */ = {isa = PBXFileReference; lastKnownFileType = text.plist.xml; path = Settings.plist; sourceTree = "<group>"; };
		7455BA822955047B0084E6CC /* ext NotificationCenter.swift */ = {isa = PBXFileReference; lastKnownFileType = sourcecode.swift; path = "ext NotificationCenter.swift"; sourceTree = "<group>"; };
/* End PBXFileReference section */

/* Begin PBXFrameworksBuildPhase section */
		7438FFFE2952E08A00EB250A /* Frameworks */ = {
			isa = PBXFrameworksBuildPhase;
			buildActionMask = 2147483647;
			files = (
				7438001E2952E79D00EB250A /* RealmSwift in Frameworks */,
				7438001C2952E79D00EB250A /* Realm in Frameworks */,
			);
			runOnlyForDeploymentPostprocessing = 0;
		};
/* End PBXFrameworksBuildPhase section */

/* Begin PBXGroup section */
		743800022952E08A00EB250A /* Products */ = {
			isa = PBXGroup;
			children = (
				743800012952E08A00EB250A /* Notes.app */,
			);
			name = Products;
			sourceTree = "<group>";
		};
		743800032952E08A00EB250A /* Notes */ = {
			isa = PBXGroup;
			children = (
				743800042952E08A00EB250A /* AppDelegate.swift */,
				743800062952E08A00EB250A /* SceneDelegate.swift */,
				7438003629533FB500EB250A /* Constants.swift */,
				7455BA8429550AF10084E6CC /* Resources */,
				7438001F2952E84A00EB250A /* Model */,
				743800222953219300EB250A /* Views Controllers */,
				743800122952E08C00EB250A /* Info.plist */,
			);
			path = Notes;
			sourceTree = "<group>";
		};
		7438001F2952E84A00EB250A /* Model */ = {
			isa = PBXGroup;
			children = (
				7438002D2953338500EB250A /* Realm */,
			);
			path = Model;
			sourceTree = "<group>";
		};
		743800202952E85E00EB250A /* Controller */ = {
			isa = PBXGroup;
			children = (
				7438002B29532F6200EB250A /* MainScreenTVC.swift */,
				7438003E2954979D00EB250A /* ext TableView.swift */,
				74380040295498FE00EB250A /* ext MainScreenManager.swift */,
				7455BA7E2954EB970084E6CC /* ext testNote.swift */,
			);
			path = Controller;
			sourceTree = "<group>";
		};
		743800212952E87000EB250A /* View */ = {
			isa = PBXGroup;
			children = (
				7438003429533C5200EB250A /* MainScreenCell.swift */,
			);
			path = View;
			sourceTree = "<group>";
		};
		743800222953219300EB250A /* Views Controllers */ = {
			isa = PBXGroup;
			children = (
				74380023295321B200EB250A /* Main Screen */,
				74380024295321D900EB250A /* Note Screen */,
			);
			path = "Views Controllers";
			sourceTree = "<group>";
		};
		74380023295321B200EB250A /* Main Screen */ = {
			isa = PBXGroup;
			children = (
				743800212952E87000EB250A /* View */,
				743800202952E85E00EB250A /* Controller */,
			);
			path = "Main Screen";
			sourceTree = "<group>";
		};
		74380024295321D900EB250A /* Note Screen */ = {
			isa = PBXGroup;
			children = (
				74380026295321ED00EB250A /* View */,
				74380025295321E500EB250A /* Controller */,
			);
			path = "Note Screen";
			sourceTree = "<group>";
		};
		74380025295321E500EB250A /* Controller */ = {
			isa = PBXGroup;
			children = (
				7438003A295349E300EB250A /* NoteScreenVC.swift */,
				7438003C2954900A00EB250A /* ext NoteScreenManager.swift */,
				7455BA822955047B0084E6CC /* ext NotificationCenter.swift */,
			);
			path = Controller;
			sourceTree = "<group>";
		};
		74380026295321ED00EB250A /* View */ = {
			isa = PBXGroup;
			children = (
				743800382953451700EB250A /* NoteScreen.swift */,
			);
			path = View;
			sourceTree = "<group>";
		};
		7438002D2953338500EB250A /* Realm */ = {
			isa = PBXGroup;
			children = (
				7438002E295333A100EB250A /* DataObjects.swift */,
				743800302953344900EB250A /* RealmManager.swift */,
			);
			path = Realm;
			sourceTree = "<group>";
		};
		7438FFF82952E08A00EB250A = {
			isa = PBXGroup;
			children = (
				743800032952E08A00EB250A /* Notes */,
				743800022952E08A00EB250A /* Products */,
			);
			sourceTree = "<group>";
		};
		7455BA8429550AF10084E6CC /* Resources */ = {
			isa = PBXGroup;
			children = (
				7438000D2952E08C00EB250A /* Assets.xcassets */,
				7438000F2952E08C00EB250A /* LaunchScreen.storyboard */,
				7455BA802954ED8A0084E6CC /* Settings.plist */,
			);
			path = Resources;
			sourceTree = "<group>";
		};
/* End PBXGroup section */

/* Begin PBXNativeTarget section */
		743800002952E08A00EB250A /* Notes */ = {
			isa = PBXNativeTarget;
			buildConfigurationList = 743800152952E08C00EB250A /* Build configuration list for PBXNativeTarget "Notes" */;
			buildPhases = (
				7438FFFD2952E08A00EB250A /* Sources */,
				7438FFFE2952E08A00EB250A /* Frameworks */,
				7438FFFF2952E08A00EB250A /* Resources */,
			);
			buildRules = (
			);
			dependencies = (
			);
			name = Notes;
			packageProductDependencies = (
				7438001B2952E79D00EB250A /* Realm */,
				7438001D2952E79D00EB250A /* RealmSwift */,
			);
			productName = Notes;
			productReference = 743800012952E08A00EB250A /* Notes.app */;
			productType = "com.apple.product-type.application";
		};
/* End PBXNativeTarget section */

/* Begin PBXProject section */
		7438FFF92952E08A00EB250A /* Project object */ = {
			isa = PBXProject;
			attributes = {
				BuildIndependentTargetsInParallel = 1;
				LastSwiftUpdateCheck = 1420;
				LastUpgradeCheck = 1420;
				TargetAttributes = {
					743800002952E08A00EB250A = {
						CreatedOnToolsVersion = 14.2;
					};
				};
			};
			buildConfigurationList = 7438FFFC2952E08A00EB250A /* Build configuration list for PBXProject "Notes" */;
			compatibilityVersion = "Xcode 14.0";
			developmentRegion = en;
			hasScannedForEncodings = 0;
			knownRegions = (
				en,
				Base,
			);
			mainGroup = 7438FFF82952E08A00EB250A;
			packageReferences = (
				7438001A2952E79D00EB250A /* XCRemoteSwiftPackageReference "realm-swift" */,
			);
			productRefGroup = 743800022952E08A00EB250A /* Products */;
			projectDirPath = "";
			projectRoot = "";
			targets = (
				743800002952E08A00EB250A /* Notes */,
			);
		};
/* End PBXProject section */

/* Begin PBXResourcesBuildPhase section */
		7438FFFF2952E08A00EB250A /* Resources */ = {
			isa = PBXResourcesBuildPhase;
			buildActionMask = 2147483647;
			files = (
				743800112952E08C00EB250A /* LaunchScreen.storyboard in Resources */,
				7438000E2952E08C00EB250A /* Assets.xcassets in Resources */,
				7455BA812954ED8A0084E6CC /* Settings.plist in Resources */,
			);
			runOnlyForDeploymentPostprocessing = 0;
		};
/* End PBXResourcesBuildPhase section */

/* Begin PBXSourcesBuildPhase section */
		7438FFFD2952E08A00EB250A /* Sources */ = {
			isa = PBXSourcesBuildPhase;
			buildActionMask = 2147483647;
			files = (
				7455BA832955047B0084E6CC /* ext NotificationCenter.swift in Sources */,
				7438002F295333A100EB250A /* DataObjects.swift in Sources */,
				743800392953451700EB250A /* NoteScreen.swift in Sources */,
				7455BA7F2954EB970084E6CC /* ext testNote.swift in Sources */,
				7438003D2954900A00EB250A /* ext NoteScreenManager.swift in Sources */,
				743800052952E08A00EB250A /* AppDelegate.swift in Sources */,
				743800312953344900EB250A /* RealmManager.swift in Sources */,
				7438003529533C5200EB250A /* MainScreenCell.swift in Sources */,
				7438002C29532F6200EB250A /* MainScreenTVC.swift in Sources */,
				74380041295498FE00EB250A /* ext MainScreenManager.swift in Sources */,
				743800072952E08A00EB250A /* SceneDelegate.swift in Sources */,
				7438003B295349E300EB250A /* NoteScreenVC.swift in Sources */,
				7438003F2954979D00EB250A /* ext TableView.swift in Sources */,
				7438003729533FB500EB250A /* Constants.swift in Sources */,
			);
			runOnlyForDeploymentPostprocessing = 0;
		};
/* End PBXSourcesBuildPhase section */

/* Begin PBXVariantGroup section */
		7438000F2952E08C00EB250A /* LaunchScreen.storyboard */ = {
			isa = PBXVariantGroup;
			children = (
				743800102952E08C00EB250A /* Base */,
			);
			name = LaunchScreen.storyboard;
			sourceTree = "<group>";
		};
/* End PBXVariantGroup section */

/* Begin XCBuildConfiguration section */
		743800132952E08C00EB250A /* Debug */ = {
			isa = XCBuildConfiguration;
			buildSettings = {
				ALWAYS_SEARCH_USER_PATHS = NO;
				CLANG_ANALYZER_NONNULL = YES;
				CLANG_ANALYZER_NUMBER_OBJECT_CONVERSION = YES_AGGRESSIVE;
				CLANG_CXX_LANGUAGE_STANDARD = "gnu++20";
				CLANG_ENABLE_MODULES = YES;
				CLANG_ENABLE_OBJC_ARC = YES;
				CLANG_ENABLE_OBJC_WEAK = YES;
				CLANG_WARN_BLOCK_CAPTURE_AUTORELEASING = YES;
				CLANG_WARN_BOOL_CONVERSION = YES;
				CLANG_WARN_COMMA = YES;
				CLANG_WARN_CONSTANT_CONVERSION = YES;
				CLANG_WARN_DEPRECATED_OBJC_IMPLEMENTATIONS = YES;
				CLANG_WARN_DIRECT_OBJC_ISA_USAGE = YES_ERROR;
				CLANG_WARN_DOCUMENTATION_COMMENTS = YES;
				CLANG_WARN_EMPTY_BODY = YES;
				CLANG_WARN_ENUM_CONVERSION = YES;
				CLANG_WARN_INFINITE_RECURSION = YES;
				CLANG_WARN_INT_CONVERSION = YES;
				CLANG_WARN_NON_LITERAL_NULL_CONVERSION = YES;
				CLANG_WARN_OBJC_IMPLICIT_RETAIN_SELF = YES;
				CLANG_WARN_OBJC_LITERAL_CONVERSION = YES;
				CLANG_WARN_OBJC_ROOT_CLASS = YES_ERROR;
				CLANG_WARN_QUOTED_INCLUDE_IN_FRAMEWORK_HEADER = YES;
				CLANG_WARN_RANGE_LOOP_ANALYSIS = YES;
				CLANG_WARN_STRICT_PROTOTYPES = YES;
				CLANG_WARN_SUSPICIOUS_MOVE = YES;
				CLANG_WARN_UNGUARDED_AVAILABILITY = YES_AGGRESSIVE;
				CLANG_WARN_UNREACHABLE_CODE = YES;
				CLANG_WARN__DUPLICATE_METHOD_MATCH = YES;
				COPY_PHASE_STRIP = NO;
				DEBUG_INFORMATION_FORMAT = dwarf;
				ENABLE_STRICT_OBJC_MSGSEND = YES;
				ENABLE_TESTABILITY = YES;
				GCC_C_LANGUAGE_STANDARD = gnu11;
				GCC_DYNAMIC_NO_PIC = NO;
				GCC_NO_COMMON_BLOCKS = YES;
				GCC_OPTIMIZATION_LEVEL = 0;
				GCC_PREPROCESSOR_DEFINITIONS = (
					"DEBUG=1",
					"$(inherited)",
				);
				GCC_WARN_64_TO_32_BIT_CONVERSION = YES;
				GCC_WARN_ABOUT_RETURN_TYPE = YES_ERROR;
				GCC_WARN_UNDECLARED_SELECTOR = YES;
				GCC_WARN_UNINITIALIZED_AUTOS = YES_AGGRESSIVE;
				GCC_WARN_UNUSED_FUNCTION = YES;
				GCC_WARN_UNUSED_VARIABLE = YES;
				IPHONEOS_DEPLOYMENT_TARGET = 15.0;
				MTL_ENABLE_DEBUG_INFO = INCLUDE_SOURCE;
				MTL_FAST_MATH = YES;
				ONLY_ACTIVE_ARCH = YES;
				SDKROOT = iphoneos;
				SWIFT_ACTIVE_COMPILATION_CONDITIONS = DEBUG;
				SWIFT_OPTIMIZATION_LEVEL = "-Onone";
			};
			name = Debug;
		};
		743800142952E08C00EB250A /* Release */ = {
			isa = XCBuildConfiguration;
			buildSettings = {
				ALWAYS_SEARCH_USER_PATHS = NO;
				CLANG_ANALYZER_NONNULL = YES;
				CLANG_ANALYZER_NUMBER_OBJECT_CONVERSION = YES_AGGRESSIVE;
				CLANG_CXX_LANGUAGE_STANDARD = "gnu++20";
				CLANG_ENABLE_MODULES = YES;
				CLANG_ENABLE_OBJC_ARC = YES;
				CLANG_ENABLE_OBJC_WEAK = YES;
				CLANG_WARN_BLOCK_CAPTURE_AUTORELEASING = YES;
				CLANG_WARN_BOOL_CONVERSION = YES;
				CLANG_WARN_COMMA = YES;
				CLANG_WARN_CONSTANT_CONVERSION = YES;
				CLANG_WARN_DEPRECATED_OBJC_IMPLEMENTATIONS = YES;
				CLANG_WARN_DIRECT_OBJC_ISA_USAGE = YES_ERROR;
				CLANG_WARN_DOCUMENTATION_COMMENTS = YES;
				CLANG_WARN_EMPTY_BODY = YES;
				CLANG_WARN_ENUM_CONVERSION = YES;
				CLANG_WARN_INFINITE_RECURSION = YES;
				CLANG_WARN_INT_CONVERSION = YES;
				CLANG_WARN_NON_LITERAL_NULL_CONVERSION = YES;
				CLANG_WARN_OBJC_IMPLICIT_RETAIN_SELF = YES;
				CLANG_WARN_OBJC_LITERAL_CONVERSION = YES;
				CLANG_WARN_OBJC_ROOT_CLASS = YES_ERROR;
				CLANG_WARN_QUOTED_INCLUDE_IN_FRAMEWORK_HEADER = YES;
				CLANG_WARN_RANGE_LOOP_ANALYSIS = YES;
				CLANG_WARN_STRICT_PROTOTYPES = YES;
				CLANG_WARN_SUSPICIOUS_MOVE = YES;
				CLANG_WARN_UNGUARDED_AVAILABILITY = YES_AGGRESSIVE;
				CLANG_WARN_UNREACHABLE_CODE = YES;
				CLANG_WARN__DUPLICATE_METHOD_MATCH = YES;
				COPY_PHASE_STRIP = NO;
				DEBUG_INFORMATION_FORMAT = "dwarf-with-dsym";
				ENABLE_NS_ASSERTIONS = NO;
				ENABLE_STRICT_OBJC_MSGSEND = YES;
				GCC_C_LANGUAGE_STANDARD = gnu11;
				GCC_NO_COMMON_BLOCKS = YES;
				GCC_WARN_64_TO_32_BIT_CONVERSION = YES;
				GCC_WARN_ABOUT_RETURN_TYPE = YES_ERROR;
				GCC_WARN_UNDECLARED_SELECTOR = YES;
				GCC_WARN_UNINITIALIZED_AUTOS = YES_AGGRESSIVE;
				GCC_WARN_UNUSED_FUNCTION = YES;
				GCC_WARN_UNUSED_VARIABLE = YES;
				IPHONEOS_DEPLOYMENT_TARGET = 15.0;
				MTL_ENABLE_DEBUG_INFO = NO;
				MTL_FAST_MATH = YES;
				SDKROOT = iphoneos;
				SWIFT_COMPILATION_MODE = wholemodule;
				SWIFT_OPTIMIZATION_LEVEL = "-O";
				VALIDATE_PRODUCT = YES;
			};
			name = Release;
		};
		743800162952E08C00EB250A /* Debug */ = {
			isa = XCBuildConfiguration;
			buildSettings = {
				ASSETCATALOG_COMPILER_APPICON_NAME = AppIcon;
				ASSETCATALOG_COMPILER_GLOBAL_ACCENT_COLOR_NAME = AccentColor;
				CODE_SIGN_STYLE = Automatic;
				CURRENT_PROJECT_VERSION = 1;
				DEVELOPMENT_TEAM = QZGF556L9S;
				GENERATE_INFOPLIST_FILE = YES;
				INFOPLIST_FILE = Notes/Info.plist;
				INFOPLIST_KEY_UIApplicationSupportsIndirectInputEvents = YES;
				INFOPLIST_KEY_UILaunchStoryboardName = "";
				INFOPLIST_KEY_UISupportedInterfaceOrientations = UIInterfaceOrientationPortrait;
				INFOPLIST_KEY_UISupportedInterfaceOrientations_iPad = "UIInterfaceOrientationLandscapeLeft UIInterfaceOrientationLandscapeRight UIInterfaceOrientationPortrait UIInterfaceOrientationPortraitUpsideDown";
				IPHONEOS_DEPLOYMENT_TARGET = 15.0;
				LD_RUNPATH_SEARCH_PATHS = (
					"$(inherited)",
					"@executable_path/Frameworks",
				);
				MARKETING_VERSION = 1.0;
				PRODUCT_BUNDLE_IDENTIFIER = Ramil.Girfanov.Notes;
				PRODUCT_NAME = "$(TARGET_NAME)";
				SUPPORTED_PLATFORMS = "iphoneos iphonesimulator";
				SUPPORTS_MACCATALYST = NO;
				SUPPORTS_MAC_DESIGNED_FOR_IPHONE_IPAD = NO;
				SWIFT_EMIT_LOC_STRINGS = YES;
				SWIFT_VERSION = 5.0;
				TARGETED_DEVICE_FAMILY = 1;
			};
			name = Debug;
		};
		743800172952E08C00EB250A /* Release */ = {
			isa = XCBuildConfiguration;
			buildSettings = {
				ASSETCATALOG_COMPILER_APPICON_NAME = AppIcon;
				ASSETCATALOG_COMPILER_GLOBAL_ACCENT_COLOR_NAME = AccentColor;
				CODE_SIGN_STYLE = Automatic;
				CURRENT_PROJECT_VERSION = 1;
				DEVELOPMENT_TEAM = QZGF556L9S;
				GENERATE_INFOPLIST_FILE = YES;
				INFOPLIST_FILE = Notes/Info.plist;
				INFOPLIST_KEY_UIApplicationSupportsIndirectInputEvents = YES;
				INFOPLIST_KEY_UILaunchStoryboardName = "";
				INFOPLIST_KEY_UISupportedInterfaceOrientations = UIInterfaceOrientationPortrait;
				INFOPLIST_KEY_UISupportedInterfaceOrientations_iPad = "UIInterfaceOrientationLandscapeLeft UIInterfaceOrientationLandscapeRight UIInterfaceOrientationPortrait UIInterfaceOrientationPortraitUpsideDown";
				IPHONEOS_DEPLOYMENT_TARGET = 15.0;
				LD_RUNPATH_SEARCH_PATHS = (
					"$(inherited)",
					"@executable_path/Frameworks",
				);
				MARKETING_VERSION = 1.0;
				PRODUCT_BUNDLE_IDENTIFIER = Ramil.Girfanov.Notes;
				PRODUCT_NAME = "$(TARGET_NAME)";
				SUPPORTED_PLATFORMS = "iphoneos iphonesimulator";
				SUPPORTS_MACCATALYST = NO;
				SUPPORTS_MAC_DESIGNED_FOR_IPHONE_IPAD = NO;
				SWIFT_EMIT_LOC_STRINGS = YES;
				SWIFT_VERSION = 5.0;
				TARGETED_DEVICE_FAMILY = 1;
			};
			name = Release;
		};
/* End XCBuildConfiguration section */

/* Begin XCConfigurationList section */
		743800152952E08C00EB250A /* Build configuration list for PBXNativeTarget "Notes" */ = {
			isa = XCConfigurationList;
			buildConfigurations = (
				743800162952E08C00EB250A /* Debug */,
				743800172952E08C00EB250A /* Release */,
			);
			defaultConfigurationIsVisible = 0;
			defaultConfigurationName = Release;
		};
		7438FFFC2952E08A00EB250A /* Build configuration list for PBXProject "Notes" */ = {
			isa = XCConfigurationList;
			buildConfigurations = (
				743800132952E08C00EB250A /* Debug */,
				743800142952E08C00EB250A /* Release */,
			);
			defaultConfigurationIsVisible = 0;
			defaultConfigurationName = Release;
		};
/* End XCConfigurationList section */

/* Begin XCRemoteSwiftPackageReference section */
		7438001A2952E79D00EB250A /* XCRemoteSwiftPackageReference "realm-swift" */ = {
			isa = XCRemoteSwiftPackageReference;
			repositoryURL = "https://github.com/realm/realm-swift.git";
			requirement = {
				kind = upToNextMinorVersion;
				minimumVersion = 10.33.0;
			};
		};
/* End XCRemoteSwiftPackageReference section */

/* Begin XCSwiftPackageProductDependency section */
		7438001B2952E79D00EB250A /* Realm */ = {
			isa = XCSwiftPackageProductDependency;
			package = 7438001A2952E79D00EB250A /* XCRemoteSwiftPackageReference "realm-swift" */;
			productName = Realm;
		};
		7438001D2952E79D00EB250A /* RealmSwift */ = {
			isa = XCSwiftPackageProductDependency;
			package = 7438001A2952E79D00EB250A /* XCRemoteSwiftPackageReference "realm-swift" */;
			productName = RealmSwift;
		};
/* End XCSwiftPackageProductDependency section */
	};
	rootObject = 7438FFF92952E08A00EB250A /* Project object */;
}
